// !$*UTF8*$!
{
	archiveVersion = 1;
	classes = {
	};
	objectVersion = 46;
	objects = {

/* Begin PBXBuildFile section */
		95C7034D1C614A7F0009FCE1 /* main.m in Sources */ = {isa = PBXBuildFile; fileRef = 95C7034C1C614A7F0009FCE1 /* main.m */; };
		95C703501C614A7F0009FCE1 /* AppDelegate.m in Sources */ = {isa = PBXBuildFile; fileRef = 95C7034F1C614A7F0009FCE1 /* AppDelegate.m */; };
		95C703531C614A7F0009FCE1 /* ViewController.m in Sources */ = {isa = PBXBuildFile; fileRef = 95C703521C614A7F0009FCE1 /* ViewController.m */; };
		95C703561C614A7F0009FCE1 /* Main.storyboard in Resources */ = {isa = PBXBuildFile; fileRef = 95C703541C614A7F0009FCE1 /* Main.storyboard */; };
		95C703581C614A7F0009FCE1 /* Assets.xcassets in Resources */ = {isa = PBXBuildFile; fileRef = 95C703571C614A7F0009FCE1 /* Assets.xcassets */; };
		95C7035B1C614A7F0009FCE1 /* LaunchScreen.storyboard in Resources */ = {isa = PBXBuildFile; fileRef = 95C703591C614A7F0009FCE1 /* LaunchScreen.storyboard */; };
		95C703661C614A7F0009FCE1 /* BarcodeScannerTests.m in Sources */ = {isa = PBXBuildFile; fileRef = 95C703651C614A7F0009FCE1 /* BarcodeScannerTests.m */; };
		95D3A1E91C629747001EB5AD /* VideoOutputView.m in Sources */ = {isa = PBXBuildFile; fileRef = 95D3A1E81C629747001EB5AD /* VideoOutputView.m */; };
/* End PBXBuildFile section */

/* Begin PBXContainerItemProxy section */
		95C703621C614A7F0009FCE1 /* PBXContainerItemProxy */ = {
			isa = PBXContainerItemProxy;
			containerPortal = 95C703401C614A7F0009FCE1 /* Project object */;
			proxyType = 1;
			remoteGlobalIDString = 95C703471C614A7F0009FCE1;
			remoteInfo = BarcodeScanner;
		};
/* End PBXContainerItemProxy section */

/* Begin PBXFileReference section */
		95C703481C614A7F0009FCE1 /* BarcodeScanner.app */ = {isa = PBXFileReference; explicitFileType = wrapper.application; includeInIndex = 0; path = BarcodeScanner.app; sourceTree = BUILT_PRODUCTS_DIR; };
		95C7034C1C614A7F0009FCE1 /* main.m */ = {isa = PBXFileReference; lastKnownFileType = sourcecode.c.objc; path = main.m; sourceTree = "<group>"; };
		95C7034E1C614A7F0009FCE1 /* AppDelegate.h */ = {isa = PBXFileReference; lastKnownFileType = sourcecode.c.h; path = AppDelegate.h; sourceTree = "<group>"; };
		95C7034F1C614A7F0009FCE1 /* AppDelegate.m */ = {isa = PBXFileReference; lastKnownFileType = sourcecode.c.objc; path = AppDelegate.m; sourceTree = "<group>"; };
		95C703511C614A7F0009FCE1 /* ViewController.h */ = {isa = PBXFileReference; lastKnownFileType = sourcecode.c.h; path = ViewController.h; sourceTree = "<group>"; };
		95C703521C614A7F0009FCE1 /* ViewController.m */ = {isa = PBXFileReference; lastKnownFileType = sourcecode.c.objc; path = ViewController.m; sourceTree = "<group>"; };
		95C703551C614A7F0009FCE1 /* Base */ = {isa = PBXFileReference; lastKnownFileType = file.storyboard; name = Base; path = Base.lproj/Main.storyboard; sourceTree = "<group>"; };
		95C703571C614A7F0009FCE1 /* Assets.xcassets */ = {isa = PBXFileReference; lastKnownFileType = folder.assetcatalog; path = Assets.xcassets; sourceTree = "<group>"; };
		95C7035A1C614A7F0009FCE1 /* Base */ = {isa = PBXFileReference; lastKnownFileType = file.storyboard; name = Base; path = Base.lproj/LaunchScreen.storyboard; sourceTree = "<group>"; };
		95C7035C1C614A7F0009FCE1 /* Info.plist */ = {isa = PBXFileReference; lastKnownFileType = text.plist.xml; path = Info.plist; sourceTree = "<group>"; };
		95C703611C614A7F0009FCE1 /* BarcodeScannerTests.xctest */ = {isa = PBXFileReference; explicitFileType = wrapper.cfbundle; includeInIndex = 0; path = BarcodeScannerTests.xctest; sourceTree = BUILT_PRODUCTS_DIR; };
		95C703651C614A7F0009FCE1 /* BarcodeScannerTests.m */ = {isa = PBXFileReference; lastKnownFileType = sourcecode.c.objc; path = BarcodeScannerTests.m; sourceTree = "<group>"; };
		95C703671C614A7F0009FCE1 /* Info.plist */ = {isa = PBXFileReference; lastKnownFileType = text.plist.xml; path = Info.plist; sourceTree = "<group>"; };
		95D3A1E71C629747001EB5AD /* VideoOutputView.h */ = {isa = PBXFileReference; fileEncoding = 4; lastKnownFileType = sourcecode.c.h; path = VideoOutputView.h; sourceTree = "<group>"; };
		95D3A1E81C629747001EB5AD /* VideoOutputView.m */ = {isa = PBXFileReference; fileEncoding = 4; lastKnownFileType = sourcecode.c.objc; path = VideoOutputView.m; sourceTree = "<group>"; };
/* End PBXFileReference section */

/* Begin PBXFrameworksBuildPhase section */
		95C703451C614A7F0009FCE1 /* Frameworks */ = {
			isa = PBXFrameworksBuildPhase;
			buildActionMask = 2147483647;
			files = (
			);
			runOnlyForDeploymentPostprocessing = 0;
		};
		95C7035E1C614A7F0009FCE1 /* Frameworks */ = {
			isa = PBXFrameworksBuildPhase;
			buildActionMask = 2147483647;
			files = (
			);
			runOnlyForDeploymentPostprocessing = 0;
		};
/* End PBXFrameworksBuildPhase section */

/* Begin PBXGroup section */
		95C7033F1C614A7F0009FCE1 = {
			isa = PBXGroup;
			children = (
				95C7034A1C614A7F0009FCE1 /* BarcodeScanner */,
				95C703641C614A7F0009FCE1 /* BarcodeScannerTests */,
				95C703491C614A7F0009FCE1 /* Products */,
			);
			sourceTree = "<group>";
		};
		95C703491C614A7F0009FCE1 /* Products */ = {
			isa = PBXGroup;
			children = (
				95C703481C614A7F0009FCE1 /* BarcodeScanner.app */,
				95C703611C614A7F0009FCE1 /* BarcodeScannerTests.xctest */,
			);
			name = Products;
			sourceTree = "<group>";
		};
		95C7034A1C614A7F0009FCE1 /* BarcodeScanner */ = {
			isa = PBXGroup;
			children = (
				95C7034E1C614A7F0009FCE1 /* AppDelegate.h */,
				95C7034F1C614A7F0009FCE1 /* AppDelegate.m */,
				95C703511C614A7F0009FCE1 /* ViewController.h */,
				95C703521C614A7F0009FCE1 /* ViewController.m */,
				95C703541C614A7F0009FCE1 /* Main.storyboard */,
				95C703571C614A7F0009FCE1 /* Assets.xcassets */,
				95C703591C614A7F0009FCE1 /* LaunchScreen.storyboard */,
				95C7035C1C614A7F0009FCE1 /* Info.plist */,
				95C7034B1C614A7F0009FCE1 /* Supporting Files */,
				95D3A1E71C629747001EB5AD /* VideoOutputView.h */,
				95D3A1E81C629747001EB5AD /* VideoOutputView.m */,
			);
			path = BarcodeScanner;
			sourceTree = "<group>";
		};
		95C7034B1C614A7F0009FCE1 /* Supporting Files */ = {
			isa = PBXGroup;
			children = (
				95C7034C1C614A7F0009FCE1 /* main.m */,
			);
			name = "Supporting Files";
			sourceTree = "<group>";
		};
		95C703641C614A7F0009FCE1 /* BarcodeScannerTests */ = {
			isa = PBXGroup;
			children = (
				95C703651C614A7F0009FCE1 /* BarcodeScannerTests.m */,
				95C703671C614A7F0009FCE1 /* Info.plist */,
			);
			path = BarcodeScannerTests;
			sourceTree = "<group>";
		};
/* End PBXGroup section */

/* Begin PBXNativeTarget section */
		95C703471C614A7F0009FCE1 /* BarcodeScanner */ = {
			isa = PBXNativeTarget;
			buildConfigurationList = 95C7036A1C614A7F0009FCE1 /* Build configuration list for PBXNativeTarget "BarcodeScanner" */;
			buildPhases = (
				95C703441C614A7F0009FCE1 /* Sources */,
				95C703451C614A7F0009FCE1 /* Frameworks */,
				95C703461C614A7F0009FCE1 /* Resources */,
			);
			buildRules = (
			);
			dependencies = (
			);
			name = BarcodeScanner;
			productName = BarcodeScanner;
			productReference = 95C703481C614A7F0009FCE1 /* BarcodeScanner.app */;
			productType = "com.apple.product-type.application";
		};
		95C703601C614A7F0009FCE1 /* BarcodeScannerTests */ = {
			isa = PBXNativeTarget;
			buildConfigurationList = 95C7036D1C614A7F0009FCE1 /* Build configuration list for PBXNativeTarget "BarcodeScannerTests" */;
			buildPhases = (
				95C7035D1C614A7F0009FCE1 /* Sources */,
				95C7035E1C614A7F0009FCE1 /* Frameworks */,
				95C7035F1C614A7F0009FCE1 /* Resources */,
			);
			buildRules = (
			);
			dependencies = (
				95C703631C614A7F0009FCE1 /* PBXTargetDependency */,
			);
			name = BarcodeScannerTests;
			productName = BarcodeScannerTests;
			productReference = 95C703611C614A7F0009FCE1 /* BarcodeScannerTests.xctest */;
			productType = "com.apple.product-type.bundle.unit-test";
		};
/* End PBXNativeTarget section */

/* Begin PBXProject section */
		95C703401C614A7F0009FCE1 /* Project object */ = {
			isa = PBXProject;
			attributes = {
				LastUpgradeCheck = 0720;
				ORGANIZATIONNAME = laewahn;
				TargetAttributes = {
					95C703471C614A7F0009FCE1 = {
						CreatedOnToolsVersion = 7.2.1;
						DevelopmentTeam = 286L2EXR23;
					};
					95C703601C614A7F0009FCE1 = {
						CreatedOnToolsVersion = 7.2.1;
						TestTargetID = 95C703471C614A7F0009FCE1;
					};
				};
			};
			buildConfigurationList = 95C703431C614A7F0009FCE1 /* Build configuration list for PBXProject "BarcodeScanner" */;
			compatibilityVersion = "Xcode 3.2";
			developmentRegion = English;
			hasScannedForEncodings = 0;
			knownRegions = (
				en,
				Base,
			);
			mainGroup = 95C7033F1C614A7F0009FCE1;
			productRefGroup = 95C703491C614A7F0009FCE1 /* Products */;
			projectDirPath = "";
			projectRoot = "";
			targets = (
				95C703471C614A7F0009FCE1 /* BarcodeScanner */,
				95C703601C614A7F0009FCE1 /* BarcodeScannerTests */,
			);
		};
/* End PBXProject section */

/* Begin PBXResourcesBuildPhase section */
		95C703461C614A7F0009FCE1 /* Resources */ = {
			isa = PBXResourcesBuildPhase;
			buildActionMask = 2147483647;
			files = (
				95C7035B1C614A7F0009FCE1 /* LaunchScreen.storyboard in Resources */,
				95C703581C614A7F0009FCE1 /* Assets.xcassets in Resources */,
				95C703561C614A7F0009FCE1 /* Main.storyboard in Resources */,
			);
			runOnlyForDeploymentPostprocessing = 0;
		};
		95C7035F1C614A7F0009FCE1 /* Resources */ = {
			isa = PBXResourcesBuildPhase;
			buildActionMask = 2147483647;
			files = (
			);
			runOnlyForDeploymentPostprocessing = 0;
		};
/* End PBXResourcesBuildPhase section */

/* Begin PBXSourcesBuildPhase section */
		95C703441C614A7F0009FCE1 /* Sources */ = {
			isa = PBXSourcesBuildPhase;
			buildActionMask = 2147483647;
			files = (
				95C703531C614A7F0009FCE1 /* ViewController.m in Sources */,
				95C703501C614A7F0009FCE1 /* AppDelegate.m in Sources */,
				95C7034D1C614A7F0009FCE1 /* main.m in Sources */,
				95D3A1E91C629747001EB5AD /* VideoOutputView.m in Sources */,
			);
			runOnlyForDeploymentPostprocessing = 0;
		};
		95C7035D1C614A7F0009FCE1 /* Sources */ = {
			isa = PBXSourcesBuildPhase;
			buildActionMask = 2147483647;
			files = (
				95C703661C614A7F0009FCE1 /* BarcodeScannerTests.m in Sources */,
			);
			runOnlyForDeploymentPostprocessing = 0;
		};
/* End PBXSourcesBuildPhase section */

/* Begin PBXTargetDependency section */
		95C703631C614A7F0009FCE1 /* PBXTargetDependency */ = {
			isa = PBXTargetDependency;
			target = 95C703471C614A7F0009FCE1 /* BarcodeScanner */;
			targetProxy = 95C703621C614A7F0009FCE1 /* PBXContainerItemProxy */;
		};
/* End PBXTargetDependency section */

/* Begin PBXVariantGroup section */
		95C703541C614A7F0009FCE1 /* Main.storyboard */ = {
			isa = PBXVariantGroup;
			children = (
				95C703551C614A7F0009FCE1 /* Base */,
			);
			name = Main.storyboard;
			sourceTree = "<group>";
		};
		95C703591C614A7F0009FCE1 /* LaunchScreen.storyboard */ = {
			isa = PBXVariantGroup;
			children = (
				95C7035A1C614A7F0009FCE1 /* Base */,
			);
			name = LaunchScreen.storyboard;
			sourceTree = "<group>";
		};
/* End PBXVariantGroup section */

/* Begin XCBuildConfiguration section */
		95C703681C614A7F0009FCE1 /* Debug */ = {
			isa = XCBuildConfiguration;
			buildSettings = {
				ALWAYS_SEARCH_USER_PATHS = NO;
				CLANG_CXX_LANGUAGE_STANDARD = "gnu++0x";
				CLANG_CXX_LIBRARY = "libc++";
				CLANG_ENABLE_MODULES = YES;
				CLANG_ENABLE_OBJC_ARC = YES;
				CLANG_WARN_BOOL_CONVERSION = YES;
				CLANG_WARN_CONSTANT_CONVERSION = YES;
				CLANG_WARN_DIRECT_OBJC_ISA_USAGE = YES_ERROR;
				CLANG_WARN_EMPTY_BODY = YES;
				CLANG_WARN_ENUM_CONVERSION = YES;
				CLANG_WARN_INT_CONVERSION = YES;
				CLANG_WARN_OBJC_ROOT_CLASS = YES_ERROR;
				CLANG_WARN_UNREACHABLE_CODE = YES;
				CLANG_WARN__DUPLICATE_METHOD_MATCH = YES;
				"CODE_SIGN_IDENTITY[sdk=iphoneos*]" = "iPhone Developer";
				COPY_PHASE_STRIP = NO;
				DEBUG_INFORMATION_FORMAT = dwarf;
				ENABLE_STRICT_OBJC_MSGSEND = YES;
				ENABLE_TESTABILITY = YES;
				GCC_C_LANGUAGE_STANDARD = gnu99;
				GCC_DYNAMIC_NO_PIC = NO;
				GCC_NO_COMMON_BLOCKS = YES;
				GCC_OPTIMIZATION_LEVEL = 0;
				GCC_PREPROCESSOR_DEFINITIONS = (
					"DEBUG=1",
					"$(inherited)",
				);
				GCC_WARN_64_TO_32_BIT_CONVERSION = YES;
				GCC_WARN_ABOUT_RETURN_TYPE = YES_ERROR;
				GCC_WARN_UNDECLARED_SELECTOR = YES;
				GCC_WARN_UNINITIALIZED_AUTOS = YES_AGGRESSIVE;
				GCC_WARN_UNUSED_FUNCTION = YES;
				GCC_WARN_UNUSED_VARIABLE = YES;
				IPHONEOS_DEPLOYMENT_TARGET = 9.2;
				MTL_ENABLE_DEBUG_INFO = YES;
				ONLY_ACTIVE_ARCH = YES;
				SDKROOT = iphoneos;
			};
			name = Debug;
		};
		95C703691C614A7F0009FCE1 /* Release */ = {
			isa = XCBuildConfiguration;
			buildSettings = {
				ALWAYS_SEARCH_USER_PATHS = NO;
				CLANG_CXX_LANGUAGE_STANDARD = "gnu++0x";
				CLANG_CXX_LIBRARY = "libc++";
				CLANG_ENABLE_MODULES = YES;
				CLANG_ENABLE_OBJC_ARC = YES;
				CLANG_WARN_BOOL_CONVERSION = YES;
				CLANG_WARN_CONSTANT_CONVERSION = YES;
				CLANG_WARN_DIRECT_OBJC_ISA_USAGE = YES_ERROR;
				CLANG_WARN_EMPTY_BODY = YES;
				CLANG_WARN_ENUM_CONVERSION = YES;
				CLANG_WARN_INT_CONVERSION = YES;
				CLANG_WARN_OBJC_ROOT_CLASS = YES_ERROR;
				CLANG_WARN_UNREACHABLE_CODE = YES;
				CLANG_WARN__DUPLICATE_METHOD_MATCH = YES;
				"CODE_SIGN_IDENTITY[sdk=iphoneos*]" = "iPhone Developer";
				COPY_PHASE_STRIP = NO;
				DEBUG_INFORMATION_FORMAT = "dwarf-with-dsym";
				ENABLE_NS_ASSERTIONS = NO;
				ENABLE_STRICT_OBJC_MSGSEND = YES;
				GCC_C_LANGUAGE_STANDARD = gnu99;
				GCC_NO_COMMON_BLOCKS = YES;
				GCC_WARN_64_TO_32_BIT_CONVERSION = YES;
				GCC_WARN_ABOUT_RETURN_TYPE = YES_ERROR;
				GCC_WARN_UNDECLARED_SELECTOR = YES;
				GCC_WARN_UNINITIALIZED_AUTOS = YES_AGGRESSIVE;
				GCC_WARN_UNUSED_FUNCTION = YES;
				GCC_WARN_UNUSED_VARIABLE = YES;
				IPHONEOS_DEPLOYMENT_TARGET = 9.2;
				MTL_ENABLE_DEBUG_INFO = NO;
				SDKROOT = iphoneos;
				VALIDATE_PRODUCT = YES;
			};
			name = Release;
		};
		95C7036B1C614A7F0009FCE1 /* Debug */ = {
			isa = XCBuildConfiguration;
			buildSettings = {
				ASSETCATALOG_COMPILER_APPICON_NAME = AppIcon;
				CODE_SIGN_IDENTITY = "iPhone Developer";
				"CODE_SIGN_IDENTITY[sdk=iphoneos*]" = "iPhone Developer";
				INFOPLIST_FILE = BarcodeScanner/Info.plist;
				IPHONEOS_DEPLOYMENT_TARGET = 9.1;
				LD_RUNPATH_SEARCH_PATHS = "$(inherited) @executable_path/Frameworks";
				PRODUCT_BUNDLE_IDENTIFIER = de.laewahn.BarcodeScanner;
				PRODUCT_NAME = "$(TARGET_NAME)";
				PROVISIONING_PROFILE = "";
				TARGETED_DEVICE_FAMILY = "1,2";
			};
			name = Debug;
		};
		95C7036C1C614A7F0009FCE1 /* Release */ = {
			isa = XCBuildConfiguration;
			buildSettings = {
				ASSETCATALOG_COMPILER_APPICON_NAME = AppIcon;
				CODE_SIGN_IDENTITY = "iPhone Developer";
				"CODE_SIGN_IDENTITY[sdk=iphoneos*]" = "iPhone Developer";
				INFOPLIST_FILE = BarcodeScanner/Info.plist;
				IPHONEOS_DEPLOYMENT_TARGET = 9.1;
				LD_RUNPATH_SEARCH_PATHS = "$(inherited) @executable_path/Frameworks";
				PRODUCT_BUNDLE_IDENTIFIER = de.laewahn.BarcodeScanner;
				PRODUCT_NAME = "$(TARGET_NAME)";
				PROVISIONING_PROFILE = "";
				TARGETED_DEVICE_FAMILY = "1,2";
			};
			name = Release;
		};
		95C7036E1C614A7F0009FCE1 /* Debug */ = {
			isa = XCBuildConfiguration;
			buildSettings = {
				BUNDLE_LOADER = "$(TEST_HOST)";
				INFOPLIST_FILE = BarcodeScannerTests/Info.plist;
				LD_RUNPATH_SEARCH_PATHS = "$(inherited) @executable_path/Frameworks @loader_path/Frameworks";
				PRODUCT_BUNDLE_IDENTIFIER = de.laewahn.BarcodeScannerTests;
				PRODUCT_NAME = "$(TARGET_NAME)";
				TEST_HOST = "$(BUILT_PRODUCTS_DIR)/BarcodeScanner.app/BarcodeScanner";
			};
			name = Debug;
		};
		95C7036F1C614A7F0009FCE1 /* Release */ = {
			isa = XCBuildConfiguration;
			buildSettings = {
				BUNDLE_LOADER = "$(TEST_HOST)";
				INFOPLIST_FILE = BarcodeScannerTests/Info.plist;
				LD_RUNPATH_SEARCH_PATHS = "$(inherited) @executable_path/Frameworks @loader_path/Frameworks";
				PRODUCT_BUNDLE_IDENTIFIER = de.laewahn.BarcodeScannerTests;
				PRODUCT_NAME = "$(TARGET_NAME)";
				TEST_HOST = "$(BUILT_PRODUCTS_DIR)/BarcodeScanner.app/BarcodeScanner";
			};
			name = Release;
		};
/* End XCBuildConfiguration section */

/* Begin XCConfigurationList section */
		95C703431C614A7F0009FCE1 /* Build configuration list for PBXProject "BarcodeScanner" */ = {
			isa = XCConfigurationList;
			buildConfigurations = (
				95C703681C614A7F0009FCE1 /* Debug */,
				95C703691C614A7F0009FCE1 /* Release */,
			);
			defaultConfigurationIsVisible = 0;
			defaultConfigurationName = Release;
		};
		95C7036A1C614A7F0009FCE1 /* Build configuration list for PBXNativeTarget "BarcodeScanner" */ = {
			isa = XCConfigurationList;
			buildConfigurations = (
				95C7036B1C614A7F0009FCE1 /* Debug */,
				95C7036C1C614A7F0009FCE1 /* Release */,
			);
			defaultConfigurationIsVisible = 0;
			defaultConfigurationName = Release;
		};
		95C7036D1C614A7F0009FCE1 /* Build configuration list for PBXNativeTarget "BarcodeScannerTests" */ = {
			isa = XCConfigurationList;
			buildConfigurations = (
				95C7036E1C614A7F0009FCE1 /* Debug */,
				95C7036F1C614A7F0009FCE1 /* Release */,
			);
			defaultConfigurationIsVisible = 0;
			defaultConfigurationName = Release;
		};
/* End XCConfigurationList section */
	};
	rootObject = 95C703401C614A7F0009FCE1 /* Project object */;
}
